// !$*UTF8*$!
{
	archiveVersion = 1;
	classes = {
	};
	objectVersion = 46;
	objects = {

/* Begin PBXBuildFile section */
		28E310C91E6E8E3F00106976 /* AppDelegate.swift in Sources */ = {isa = PBXBuildFile; fileRef = 28E310C81E6E8E3F00106976 /* AppDelegate.swift */; };
		28E310CB1E6E8E3F00106976 /* ViewController.swift in Sources */ = {isa = PBXBuildFile; fileRef = 28E310CA1E6E8E3F00106976 /* ViewController.swift */; };
		28E310CE1E6E8E3F00106976 /* Main.storyboard in Resources */ = {isa = PBXBuildFile; fileRef = 28E310CC1E6E8E3F00106976 /* Main.storyboard */; };
		28E310D01E6E8E3F00106976 /* Assets.xcassets in Resources */ = {isa = PBXBuildFile; fileRef = 28E310CF1E6E8E3F00106976 /* Assets.xcassets */; };
		28E310D31E6E8E3F00106976 /* LaunchScreen.storyboard in Resources */ = {isa = PBXBuildFile; fileRef = 28E310D11E6E8E3F00106976 /* LaunchScreen.storyboard */; };
		28E310DC1E6E915B00106976 /* TableViewCell.swift in Sources */ = {isa = PBXBuildFile; fileRef = 28E310DA1E6E915B00106976 /* TableViewCell.swift */; };
		28E310DD1E6E915B00106976 /* TableViewCell.xib in Resources */ = {isa = PBXBuildFile; fileRef = 28E310DB1E6E915B00106976 /* TableViewCell.xib */; };
		CAC9A157E083F76DFE9C27AB /* Pods_TestIQKeyboardManager.framework in Frameworks */ = {isa = PBXBuildFile; fileRef = 9367A5ACFB5C5DAD0B030E05 /* Pods_TestIQKeyboardManager.framework */; };
/* End PBXBuildFile section */

/* Begin PBXFileReference section */
		0BC3FA5F818E2BB27C52E902 /* Pods-TestIQKeyboardManager.release.xcconfig */ = {isa = PBXFileReference; includeInIndex = 1; lastKnownFileType = text.xcconfig; name = "Pods-TestIQKeyboardManager.release.xcconfig"; path = "Pods/Target Support Files/Pods-TestIQKeyboardManager/Pods-TestIQKeyboardManager.release.xcconfig"; sourceTree = "<group>"; };
		28E310C51E6E8E3F00106976 /* TestIQKeyboardManager.app */ = {isa = PBXFileReference; explicitFileType = wrapper.application; includeInIndex = 0; path = TestIQKeyboardManager.app; sourceTree = BUILT_PRODUCTS_DIR; };
		28E310C81E6E8E3F00106976 /* AppDelegate.swift */ = {isa = PBXFileReference; lastKnownFileType = sourcecode.swift; path = AppDelegate.swift; sourceTree = "<group>"; };
		28E310CA1E6E8E3F00106976 /* ViewController.swift */ = {isa = PBXFileReference; lastKnownFileType = sourcecode.swift; path = ViewController.swift; sourceTree = "<group>"; };
		28E310CD1E6E8E3F00106976 /* Base */ = {isa = PBXFileReference; lastKnownFileType = file.storyboard; name = Base; path = Base.lproj/Main.storyboard; sourceTree = "<group>"; };
		28E310CF1E6E8E3F00106976 /* Assets.xcassets */ = {isa = PBXFileReference; lastKnownFileType = folder.assetcatalog; path = Assets.xcassets; sourceTree = "<group>"; };
		28E310D21E6E8E3F00106976 /* Base */ = {isa = PBXFileReference; lastKnownFileType = file.storyboard; name = Base; path = Base.lproj/LaunchScreen.storyboard; sourceTree = "<group>"; };
		28E310D41E6E8E3F00106976 /* Info.plist */ = {isa = PBXFileReference; lastKnownFileType = text.plist.xml; path = Info.plist; sourceTree = "<group>"; };
		28E310DA1E6E915B00106976 /* TableViewCell.swift */ = {isa = PBXFileReference; fileEncoding = 4; lastKnownFileType = sourcecode.swift; path = TableViewCell.swift; sourceTree = "<group>"; };
		28E310DB1E6E915B00106976 /* TableViewCell.xib */ = {isa = PBXFileReference; fileEncoding = 4; lastKnownFileType = file.xib; path = TableViewCell.xib; sourceTree = "<group>"; };
		9367A5ACFB5C5DAD0B030E05 /* Pods_TestIQKeyboardManager.framework */ = {isa = PBXFileReference; explicitFileType = wrapper.framework; includeInIndex = 0; path = Pods_TestIQKeyboardManager.framework; sourceTree = BUILT_PRODUCTS_DIR; };
		B7F6A4BA42E9A310312E7CDF /* Pods-TestIQKeyboardManager.debug.xcconfig */ = {isa = PBXFileReference; includeInIndex = 1; lastKnownFileType = text.xcconfig; name = "Pods-TestIQKeyboardManager.debug.xcconfig"; path = "Pods/Target Support Files/Pods-TestIQKeyboardManager/Pods-TestIQKeyboardManager.debug.xcconfig"; sourceTree = "<group>"; };
/* End PBXFileReference section */

/* Begin PBXFrameworksBuildPhase section */
		28E310C21E6E8E3F00106976 /* Frameworks */ = {
			isa = PBXFrameworksBuildPhase;
			buildActionMask = 2147483647;
			files = (
				CAC9A157E083F76DFE9C27AB /* Pods_TestIQKeyboardManager.framework in Frameworks */,
			);
			runOnlyForDeploymentPostprocessing = 0;
		};
/* End PBXFrameworksBuildPhase section */

/* Begin PBXGroup section */
		28E310BC1E6E8E3E00106976 = {
			isa = PBXGroup;
			children = (
				28E310C71E6E8E3F00106976 /* TestIQKeyboardManager */,
				28E310C61E6E8E3F00106976 /* Products */,
				54AEA7FAD4DE5869068E987D /* Pods */,
				D9D91CC8C34A5493E1D81DBC /* Frameworks */,
			);
			sourceTree = "<group>";
		};
		28E310C61E6E8E3F00106976 /* Products */ = {
			isa = PBXGroup;
			children = (
				28E310C51E6E8E3F00106976 /* TestIQKeyboardManager.app */,
			);
			name = Products;
			sourceTree = "<group>";
		};
		28E310C71E6E8E3F00106976 /* TestIQKeyboardManager */ = {
			isa = PBXGroup;
			children = (
				28E310C81E6E8E3F00106976 /* AppDelegate.swift */,
				28E310CA1E6E8E3F00106976 /* ViewController.swift */,
				28E310DA1E6E915B00106976 /* TableViewCell.swift */,
				28E310DB1E6E915B00106976 /* TableViewCell.xib */,
				28E310CC1E6E8E3F00106976 /* Main.storyboard */,
				28E310CF1E6E8E3F00106976 /* Assets.xcassets */,
				28E310D11E6E8E3F00106976 /* LaunchScreen.storyboard */,
				28E310D41E6E8E3F00106976 /* Info.plist */,
			);
			path = TestIQKeyboardManager;
			sourceTree = "<group>";
		};
		54AEA7FAD4DE5869068E987D /* Pods */ = {
			isa = PBXGroup;
			children = (
				B7F6A4BA42E9A310312E7CDF /* Pods-TestIQKeyboardManager.debug.xcconfig */,
				0BC3FA5F818E2BB27C52E902 /* Pods-TestIQKeyboardManager.release.xcconfig */,
			);
			name = Pods;
			sourceTree = "<group>";
		};
		D9D91CC8C34A5493E1D81DBC /* Frameworks */ = {
			isa = PBXGroup;
			children = (
				9367A5ACFB5C5DAD0B030E05 /* Pods_TestIQKeyboardManager.framework */,
			);
			name = Frameworks;
			sourceTree = "<group>";
		};
/* End PBXGroup section */

/* Begin PBXNativeTarget section */
		28E310C41E6E8E3F00106976 /* TestIQKeyboardManager */ = {
			isa = PBXNativeTarget;
			buildConfigurationList = 28E310D71E6E8E3F00106976 /* Build configuration list for PBXNativeTarget "TestIQKeyboardManager" */;
			buildPhases = (
				EB268A14449D39CC501215B9 /* [CP] Check Pods Manifest.lock */,
				28E310C11E6E8E3F00106976 /* Sources */,
				28E310C21E6E8E3F00106976 /* Frameworks */,
				28E310C31E6E8E3F00106976 /* Resources */,
				1EFFA38F3BE8C24CCEF8D382 /* [CP] Embed Pods Frameworks */,
				120F4902F0E06BA67D409095 /* [CP] Copy Pods Resources */,
			);
			buildRules = (
			);
			dependencies = (
			);
			name = TestIQKeyboardManager;
			productName = TestIQKeyboardManager;
			productReference = 28E310C51E6E8E3F00106976 /* TestIQKeyboardManager.app */;
			productType = "com.apple.product-type.application";
		};
/* End PBXNativeTarget section */

/* Begin PBXProject section */
		28E310BD1E6E8E3F00106976 /* Project object */ = {
			isa = PBXProject;
			attributes = {
				LastSwiftUpdateCheck = 0810;
				LastUpgradeCheck = 0810;
				ORGANIZATIONNAME = UOKO;
				TargetAttributes = {
					28E310C41E6E8E3F00106976 = {
						CreatedOnToolsVersion = 8.1;
						DevelopmentTeam = 4C3AW883MV;
						ProvisioningStyle = Automatic;
					};
				};
			};
			buildConfigurationList = 28E310C01E6E8E3F00106976 /* Build configuration list for PBXProject "TestIQKeyboardManager" */;
			compatibilityVersion = "Xcode 3.2";
			developmentRegion = English;
			hasScannedForEncodings = 0;
			knownRegions = (
				en,
				Base,
			);
			mainGroup = 28E310BC1E6E8E3E00106976;
			productRefGroup = 28E310C61E6E8E3F00106976 /* Products */;
			projectDirPath = "";
			projectRoot = "";
			targets = (
				28E310C41E6E8E3F00106976 /* TestIQKeyboardManager */,
			);
		};
/* End PBXProject section */

/* Begin PBXResourcesBuildPhase section */
		28E310C31E6E8E3F00106976 /* Resources */ = {
			isa = PBXResourcesBuildPhase;
			buildActionMask = 2147483647;
			files = (
				28E310D31E6E8E3F00106976 /* LaunchScreen.storyboard in Resources */,
				28E310DD1E6E915B00106976 /* TableViewCell.xib in Resources */,
				28E310D01E6E8E3F00106976 /* Assets.xcassets in Resources */,
				28E310CE1E6E8E3F00106976 /* Main.storyboard in Resources */,
			);
			runOnlyForDeploymentPostprocessing = 0;
		};
/* End PBXResourcesBuildPhase section */

/* Begin PBXShellScriptBuildPhase section */
		120F4902F0E06BA67D409095 /* [CP] Copy Pods Resources */ = {
			isa = PBXShellScriptBuildPhase;
			buildActionMask = 2147483647;
			files = (
			);
			inputPaths = (
			);
			name = "[CP] Copy Pods Resources";
			outputPaths = (
			);
			runOnlyForDeploymentPostprocessing = 0;
			shellPath = /bin/sh;
			shellScript = "\"${SRCROOT}/Pods/Target Support Files/Pods-TestIQKeyboardManager/Pods-TestIQKeyboardManager-resources.sh\"\n";
			showEnvVarsInLog = 0;
		};
		1EFFA38F3BE8C24CCEF8D382 /* [CP] Embed Pods Frameworks */ = {
			isa = PBXShellScriptBuildPhase;
			buildActionMask = 2147483647;
			files = (
			);
			inputPaths = (
			);
			name = "[CP] Embed Pods Frameworks";
			outputPaths = (
			);
			runOnlyForDeploymentPostprocessing = 0;
			shellPath = /bin/sh;
			shellScript = "\"${SRCROOT}/Pods/Target Support Files/Pods-TestIQKeyboardManager/Pods-TestIQKeyboardManager-frameworks.sh\"\n";
			showEnvVarsInLog = 0;
		};
		EB268A14449D39CC501215B9 /* [CP] Check Pods Manifest.lock */ = {
			isa = PBXShellScriptBuildPhase;
			buildActionMask = 2147483647;
			files = (
			);
			inputPaths = (
			);
			name = "[CP] Check Pods Manifest.lock";
			outputPaths = (
			);
			runOnlyForDeploymentPostprocessing = 0;
			shellPath = /bin/sh;
			shellScript = "diff \"${PODS_ROOT}/../Podfile.lock\" \"${PODS_ROOT}/Manifest.lock\" > /dev/null\nif [ $? != 0 ] ; then\n    # print error to STDERR\n    echo \"error: The sandbox is not in sync with the Podfile.lock. Run 'pod install' or update your CocoaPods installation.\" >&2\n    exit 1\nfi\n";
			showEnvVarsInLog = 0;
		};
/* End PBXShellScriptBuildPhase section */

/* Begin PBXSourcesBuildPhase section */
		28E310C11E6E8E3F00106976 /* Sources */ = {
			isa = PBXSourcesBuildPhase;
			buildActionMask = 2147483647;
			files = (
				28E310DC1E6E915B00106976 /* TableViewCell.swift in Sources */,
				28E310CB1E6E8E3F00106976 /* ViewController.swift in Sources */,
				28E310C91E6E8E3F00106976 /* AppDelegate.swift in Sources */,
			);
			runOnlyForDeploymentPostprocessing = 0;
		};
/* End PBXSourcesBuildPhase section */

/* Begin PBXVariantGroup section */
		28E310CC1E6E8E3F00106976 /* Main.storyboard */ = {
			isa = PBXVariantGroup;
			children = (
				28E310CD1E6E8E3F00106976 /* Base */,
			);
			name = Main.storyboard;
			sourceTree = "<group>";
		};
		28E310D11E6E8E3F00106976 /* LaunchScreen.storyboard */ = {
			isa = PBXVariantGroup;
			children = (
				28E310D21E6E8E3F00106976 /* Base */,
			);
			name = LaunchScreen.storyboard;
			sourceTree = "<group>";
		};
/* End PBXVariantGroup section */

/* Begin XCBuildConfiguration section */
		28E310D51E6E8E3F00106976 /* Debug */ = {
			isa = XCBuildConfiguration;
			buildSettings = {
				ALWAYS_SEARCH_USER_PATHS = NO;
				CLANG_ANALYZER_NONNULL = YES;
				CLANG_CXX_LANGUAGE_STANDARD = "gnu++0x";
				CLANG_CXX_LIBRARY = "libc++";
				CLANG_ENABLE_MODULES = YES;
				CLANG_ENABLE_OBJC_ARC = YES;
				CLANG_WARN_BOOL_CONVERSION = YES;
				CLANG_WARN_CONSTANT_CONVERSION = YES;
				CLANG_WARN_DIRECT_OBJC_ISA_USAGE = YES_ERROR;
				CLANG_WARN_DOCUMENTATION_COMMENTS = YES;
				CLANG_WARN_EMPTY_BODY = YES;
				CLANG_WARN_ENUM_CONVERSION = YES;
				CLANG_WARN_INFINITE_RECURSION = YES;
				CLANG_WARN_INT_CONVERSION = YES;
				CLANG_WARN_OBJC_ROOT_CLASS = YES_ERROR;
				CLANG_WARN_SUSPICIOUS_MOVES = YES;
				CLANG_WARN_UNREACHABLE_CODE = YES;
				CLANG_WARN__DUPLICATE_METHOD_MATCH = YES;
				"CODE_SIGN_IDENTITY[sdk=iphoneos*]" = "iPhone Developer";
				COPY_PHASE_STRIP = NO;
				DEBUG_INFORMATION_FORMAT = dwarf;
				ENABLE_STRICT_OBJC_MSGSEND = YES;
				ENABLE_TESTABILITY = YES;
				GCC_C_LANGUAGE_STANDARD = gnu99;
				GCC_DYNAMIC_NO_PIC = NO;
				GCC_NO_COMMON_BLOCKS = YES;
				GCC_OPTIMIZATION_LEVEL = 0;
				GCC_PREPROCESSOR_DEFINITIONS = (
					"DEBUG=1",
					"$(inherited)",
				);
				GCC_WARN_64_TO_32_BIT_CONVERSION = YES;
				GCC_WARN_ABOUT_RETURN_TYPE = YES_ERROR;
				GCC_WARN_UNDECLARED_SELECTOR = YES;
				GCC_WARN_UNINITIALIZED_AUTOS = YES_AGGRESSIVE;
				GCC_WARN_UNUSED_FUNCTION = YES;
				GCC_WARN_UNUSED_VARIABLE = YES;
				IPHONEOS_DEPLOYMENT_TARGET = 10.1;
				MTL_ENABLE_DEBUG_INFO = YES;
				ONLY_ACTIVE_ARCH = YES;
				SDKROOT = iphoneos;
				SWIFT_ACTIVE_COMPILATION_CONDITIONS = DEBUG;
				SWIFT_OPTIMIZATION_LEVEL = "-Onone";
				TARGETED_DEVICE_FAMILY = "1,2";
			};
			name = Debug;
		};
		28E310D61E6E8E3F00106976 /* Release */ = {
			isa = XCBuildConfiguration;
			buildSettings = {
				ALWAYS_SEARCH_USER_PATHS = NO;
				CLANG_ANALYZER_NONNULL = YES;
				CLANG_CXX_LANGUAGE_STANDARD = "gnu++0x";
				CLANG_CXX_LIBRARY = "libc++";
				CLANG_ENABLE_MODULES = YES;
				CLANG_ENABLE_OBJC_ARC = YES;
				CLANG_WARN_BOOL_CONVERSION = YES;
				CLANG_WARN_CONSTANT_CONVERSION = YES;
				CLANG_WARN_DIRECT_OBJC_ISA_USAGE = YES_ERROR;
				CLANG_WARN_DOCUMENTATION_COMMENTS = YES;
				CLANG_WARN_EMPTY_BODY = YES;
				CLANG_WARN_ENUM_CONVERSION = YES;
				CLANG_WARN_INFINITE_RECURSION = YES;
				CLANG_WARN_INT_CONVERSION = YES;
				CLANG_WARN_OBJC_ROOT_CLASS = YES_ERROR;
				CLANG_WARN_SUSPICIOUS_MOVES = YES;
				CLANG_WARN_UNREACHABLE_CODE = YES;
				CLANG_WARN__DUPLICATE_METHOD_MATCH = YES;
				"CODE_SIGN_IDENTITY[sdk=iphoneos*]" = "iPhone Developer";
				COPY_PHASE_STRIP = NO;
				DEBUG_INFORMATION_FORMAT = "dwarf-with-dsym";
				ENABLE_NS_ASSERTIONS = NO;
				ENABLE_STRICT_OBJC_MSGSEND = YES;
				GCC_C_LANGUAGE_STANDARD = gnu99;
				GCC_NO_COMMON_BLOCKS = YES;
				GCC_WARN_64_TO_32_BIT_CONVERSION = YES;
				GCC_WARN_ABOUT_RETURN_TYPE = YES_ERROR;
				GCC_WARN_UNDECLARED_SELECTOR = YES;
				GCC_WARN_UNINITIALIZED_AUTOS = YES_AGGRESSIVE;
				GCC_WARN_UNUSED_FUNCTION = YES;
				GCC_WARN_UNUSED_VARIABLE = YES;
				IPHONEOS_DEPLOYMENT_TARGET = 10.1;
				MTL_ENABLE_DEBUG_INFO = NO;
				SDKROOT = iphoneos;
				SWIFT_OPTIMIZATION_LEVEL = "-Owholemodule";
				TARGETED_DEVICE_FAMILY = "1,2";
				VALIDATE_PRODUCT = YES;
			};
			name = Release;
		};
		28E310D81E6E8E3F00106976 /* Debug */ = {
			isa = XCBuildConfiguration;
			baseConfigurationReference = B7F6A4BA42E9A310312E7CDF /* Pods-TestIQKeyboardManager.debug.xcconfig */;
			buildSettings = {
				ASSETCATALOG_COMPILER_APPICON_NAME = AppIcon;
				DEVELOPMENT_TEAM = 4C3AW883MV;
				INFOPLIST_FILE = TestIQKeyboardManager/Info.plist;
				IPHONEOS_DEPLOYMENT_TARGET = 9.0;
				LD_RUNPATH_SEARCH_PATHS = "$(inherited) @executable_path/Frameworks";
				PRODUCT_BUNDLE_IDENTIFIER = UOKO.TestIQKeyboardManager;
				PRODUCT_NAME = "$(TARGET_NAME)";
				SWIFT_VERSION = 3.0;
			};
			name = Debug;
		};
		28E310D91E6E8E3F00106976 /* Release */ = {
			isa = XCBuildConfiguration;
			baseConfigurationReference = 0BC3FA5F818E2BB27C52E902 /* Pods-TestIQKeyboardManager.release.xcconfig */;
			buildSettings = {
				ASSETCATALOG_COMPILER_APPICON_NAME = AppIcon;
				DEVELOPMENT_TEAM = 4C3AW883MV;
				INFOPLIST_FILE = TestIQKeyboardManager/Info.plist;
				IPHONEOS_DEPLOYMENT_TARGET = 9.0;
				LD_RUNPATH_SEARCH_PATHS = "$(inherited) @executable_path/Frameworks";
				PRODUCT_BUNDLE_IDENTIFIER = UOKO.TestIQKeyboardManager;
				PRODUCT_NAME = "$(TARGET_NAME)";
				SWIFT_VERSION = 3.0;
			};
			name = Release;
		};
/* End XCBuildConfiguration section */

/* Begin XCConfigurationList section */
		28E310C01E6E8E3F00106976 /* Build configuration list for PBXProject "TestIQKeyboardManager" */ = {
			isa = XCConfigurationList;
			buildConfigurations = (
				28E310D51E6E8E3F00106976 /* Debug */,
				28E310D61E6E8E3F00106976 /* Release */,
			);
			defaultConfigurationIsVisible = 0;
			defaultConfigurationName = Release;
		};
		28E310D71E6E8E3F00106976 /* Build configuration list for PBXNativeTarget "TestIQKeyboardManager" */ = {
			isa = XCConfigurationList;
			buildConfigurations = (
				28E310D81E6E8E3F00106976 /* Debug */,
				28E310D91E6E8E3F00106976 /* Release */,
			);
			defaultConfigurationIsVisible = 0;
			defaultConfigurationName = Release;
		};
/* End XCConfigurationList section */
	};
	rootObject = 28E310BD1E6E8E3F00106976 /* Project object */;
}
